
Microsoft Visual Studio Solution File, Format Version 12.00
# Visual Studio Version 17
VisualStudioVersion = 17.11.35327.3
MinimumVisualStudioVersion = 10.0.40219.1
Project("{8BC9CEB8-8B4A-11D0-8D11-00A0C91BC942}") = "Runtime", "Runtime\Runtime.vcxproj", "{2DA4EDCC-DFD4-4DAD-AF49-32C8AEB9559C}"
	ProjectSection(ProjectDependencies) = postProject
		{A9CF95F0-02C3-4598-B517-B17051E70B4C} = {A9CF95F0-02C3-4598-B517-B17051E70B4C}
	EndProjectSection
EndProject
Project("{8BC9CEB8-8B4A-11D0-8D11-00A0C91BC942}") = "Third", "Third\Third.vcxproj", "{10623B92-ACDC-48F6-BE3E-6073F02BB520}"
EndProject
Project("{8BC9CEB8-8B4A-11D0-8D11-00A0C91BC942}") = "Common", "Common\Common.vcxproj", "{A9CF95F0-02C3-4598-B517-B17051E70B4C}"
	ProjectSection(ProjectDependencies) = postProject
		{10623B92-ACDC-48F6-BE3E-6073F02BB520} = {10623B92-ACDC-48F6-BE3E-6073F02BB520}
	EndProjectSection
EndProject
Project("{8BC9CEB8-8B4A-11D0-8D11-00A0C91BC942}") = "Editor", "Editor\Editor.vcxproj", "{3E7C65DE-C63B-4605-AF6B-7CBE34B39167}"
EndProject
Global
	GlobalSection(SolutionConfigurationPlatforms) = preSolution
		Debug|x64 = Debug|x64
		Debug|x86 = Debug|x86
		Release|x64 = Release|x64
		Release|x86 = Release|x86
	EndGlobalSection
	GlobalSection(ProjectConfigurationPlatforms) = postSolution
		{2DA4EDCC-DFD4-4DAD-AF49-32C8AEB9559C}.Debug|x64.ActiveCfg = Debug|x64
		{2DA4EDCC-DFD4-4DAD-AF49-32C8AEB9559C}.Debug|x64.Build.0 = Debug|x64
		{2DA4EDCC-DFD4-4DAD-AF49-32C8AEB9559C}.Debug|x86.ActiveCfg = Debug|Win32
		{2DA4EDCC-DFD4-4DAD-AF49-32C8AEB9559C}.Debug|x86.Build.0 = Debug|Win32
		{2DA4EDCC-DFD4-4DAD-AF49-32C8AEB9559C}.Release|x64.ActiveCfg = Release|x64
		{2DA4EDCC-DFD4-4DAD-AF49-32C8AEB9559C}.Release|x64.Build.0 = Release|x64
		{2DA4EDCC-DFD4-4DAD-AF49-32C8AEB9559C}.Release|x86.ActiveCfg = Release|Win32
		{2DA4EDCC-DFD4-4DAD-AF49-32C8AEB9559C}.Release|x86.Build.0 = Release|Win32
		{10623B92-ACDC-48F6-BE3E-6073F02BB520}.Debug|x64.ActiveCfg = Debug|x64
		{10623B92-ACDC-48F6-BE3E-6073F02BB520}.Debug|x64.Build.0 = Debug|x64
		{10623B92-ACDC-48F6-BE3E-6073F02BB520}.Debug|x86.ActiveCfg = Debug|Win32
		{10623B92-ACDC-48F6-BE3E-6073F02BB520}.Debug|x86.Build.0 = Debug|Win32
		{10623B92-ACDC-48F6-BE3E-6073F02BB520}.Release|x64.ActiveCfg = Release|x64
		{10623B92-ACDC-48F6-BE3E-6073F02BB520}.Release|x64.Build.0 = Release|x64
		{10623B92-ACDC-48F6-BE3E-6073F02BB520}.Release|x86.ActiveCfg = Release|Win32
		{10623B92-ACDC-48F6-BE3E-6073F02BB520}.Release|x86.Build.0 = Release|Win32
		{A9CF95F0-02C3-4598-B517-B17051E70B4C}.Debug|x64.ActiveCfg = Debug|x64
		{A9CF95F0-02C3-4598-B517-B17051E70B4C}.Debug|x64.Build.0 = Debug|x64
		{A9CF95F0-02C3-4598-B517-B17051E70B4C}.Debug|x86.ActiveCfg = Debug|Win32
		{A9CF95F0-02C3-4598-B517-B17051E70B4C}.Debug|x86.Build.0 = Debug|Win32
		{A9CF95F0-02C3-4598-B517-B17051E70B4C}.Release|x64.ActiveCfg = Release|x64
		{A9CF95F0-02C3-4598-B517-B17051E70B4C}.Release|x64.Build.0 = Release|x64
		{A9CF95F0-02C3-4598-B517-B17051E70B4C}.Release|x86.ActiveCfg = Release|Win32
		{A9CF95F0-02C3-4598-B517-B17051E70B4C}.Release|x86.Build.0 = Release|Win32
		{3E7C65DE-C63B-4605-AF6B-7CBE34B39167}.Debug|x64.ActiveCfg = Debug|x64
		{3E7C65DE-C63B-4605-AF6B-7CBE34B39167}.Debug|x64.Build.0 = Debug|x64
		{3E7C65DE-C63B-4605-AF6B-7CBE34B39167}.Debug|x86.ActiveCfg = Debug|Win32
		{3E7C65DE-C63B-4605-AF6B-7CBE34B39167}.Debug|x86.Build.0 = Debug|Win32
		{3E7C65DE-C63B-4605-AF6B-7CBE34B39167}.Release|x64.ActiveCfg = Release|x64
		{3E7C65DE-C63B-4605-AF6B-7CBE34B39167}.Release|x64.Build.0 = Release|x64
		{3E7C65DE-C63B-4605-AF6B-7CBE34B39167}.Release|x86.ActiveCfg = Release|Win32
		{3E7C65DE-C63B-4605-AF6B-7CBE34B39167}.Release|x86.Build.0 = Release|Win32
	EndGlobalSection
	GlobalSection(SolutionProperties) = preSolution
		HideSolutionNode = FALSE
	EndGlobalSection
	GlobalSection(ExtensibilityGlobals) = postSolution
		SolutionGuid = {BBCBA32B-5500-44DB-9440-94AAD9B8202C}
	EndGlobalSection
EndGlobal
