<?xml version="1.0" encoding="utf-8"?>
<Project ToolsVersion="4.0" xmlns="http://schemas.microsoft.com/developer/msbuild/2003">
  <ItemGroup>
    <Filter Include="源文件">
      <UniqueIdentifier>{4FC737F1-C7A5-4376-A066-2A32D752A2FF}</UniqueIdentifier>
      <Extensions>cpp;c;cc;cxx;c++;cppm;ixx;def;odl;idl;hpj;bat;asm;asmx</Extensions>
    </Filter>
    <Filter Include="头文件">
      <UniqueIdentifier>{93995380-89BD-4b04-88EB-625FBE52EBFB}</UniqueIdentifier>
      <Extensions>h;hh;hpp;hxx;h++;hm;inl;inc;ipp;xsd</Extensions>
    </Filter>
    <Filter Include="资源文件">
      <UniqueIdentifier>{67DA6AB6-F800-4c08-8B7A-83BB121AAD01}</UniqueIdentifier>
      <Extensions>rc;ico;cur;bmp;dlg;rc2;rct;bin;rgs;gif;jpg;jpeg;jpe;resx;tiff;tif;png;wav;mfcribbon-ms</Extensions>
    </Filter>
  </ItemGroup>
  <ItemGroup>
    <ClCompile Include="main.cpp">
      <Filter>源文件</Filter>
    </ClCompile>
    <ClCompile Include="Asset\AssetSys.cpp">
      <Filter>源文件</Filter>
    </ClCompile>
    <ClCompile Include="Plugin\Plugin.cpp">
      <Filter>源文件</Filter>
    </ClCompile>
    <ClCompile Include="RttrTest.cpp">
      <Filter>源文件</Filter>
    </ClCompile>
    <ClCompile Include="GenEditorReflectInfo\GenEditorReflectInfo.cpp">
      <Filter>源文件</Filter>
    </ClCompile>
    <ClCompile Include="Asset\AssetView.cpp">
      <Filter>源文件</Filter>
    </ClCompile>
    <ClCompile Include="Plugin\UI\PluginMenuBarUI.cpp">
      <Filter>源文件</Filter>
    </ClCompile>
    <ClCompile Include="Plugin\PluginPathSelectDlg\PluginPathSelectDlg.cpp">
      <Filter>源文件</Filter>
    </ClCompile>
    <ClCompile Include="Plugin\PluginInputDlg\PluginInputDlg.cpp">
      <Filter>源文件</Filter>
    </ClCompile>
    <ClCompile Include="Plugin\UI\PluginTexureMergeUI.cpp">
      <Filter>源文件</Filter>
    </ClCompile>
  </ItemGroup>
  <ItemGroup>
    <ClInclude Include="Asset\AssetSys.h">
      <Filter>头文件</Filter>
    </ClInclude>
    <ClInclude Include="Plugin\Plugin.h">
      <Filter>头文件</Filter>
    </ClInclude>
    <ClInclude Include="RttrTest.h">
      <Filter>头文件</Filter>
    </ClInclude>
    <ClInclude Include="GenEditorReflectInfo\GenEditorReflectInfo.h">
      <Filter>头文件</Filter>
    </ClInclude>
    <ClInclude Include="Asset\AssetView.h">
      <Filter>头文件</Filter>
    </ClInclude>
    <ClInclude Include="Plugin\UI\PluginMenuBarUI.h">
      <Filter>头文件</Filter>
    </ClInclude>
    <ClInclude Include="Plugin\PluginPathSelectDlg\PluginPathSelectDlg.h">
      <Filter>头文件</Filter>
    </ClInclude>
    <ClInclude Include="Plugin\PluginInputDlg\PluginInputDlg.h">
      <Filter>头文件</Filter>
    </ClInclude>
    <ClInclude Include="Plugin\UI\PluginTexureMergeUI.h">
      <Filter>头文件</Filter>
    </ClInclude>
  </ItemGroup>
</Project>